
Microsoft Visual Studio Solution File, Format Version 12.00
# Visual Studio Version 17
VisualStudioVersion = 17.14.36203.30 d17.14
MinimumVisualStudioVersion = 10.0.40219.1
Project("{8BC9CEB8-8B4A-11D0-8D11-00A0C91BC942}") = "ProyectoCifrado1", "ProyectoCifrado1\ProyectoCifrado1.vcxproj", "{0BA3DA25-C57D-46B1-97C0-6AC6D1F2A51E}"
EndProject
Global
	GlobalSection(SolutionConfigurationPlatforms) = preSolution
		Debug|x64 = Debug|x64
		Debug|x86 = Debug|x86
		Release|x64 = Release|x64
		Release|x86 = Release|x86
	EndGlobalSection
	GlobalSection(ProjectConfigurationPlatforms) = postSolution
		{0BA3DA25-C57D-46B1-97C0-6AC6D1F2A51E}.Debug|x64.ActiveCfg = Debug|x64
		{0BA3DA25-C57D-46B1-97C0-6AC6D1F2A51E}.Debug|x64.Build.0 = Debug|x64
		{0BA3DA25-C57D-46B1-97C0-6AC6D1F2A51E}.Debug|x86.ActiveCfg = Debug|Win32
		{0BA3DA25-C57D-46B1-97C0-6AC6D1F2A51E}.Debug|x86.Build.0 = Debug|Win32
		{0BA3DA25-C57D-46B1-97C0-6AC6D1F2A51E}.Release|x64.ActiveCfg = Release|x64
		{0BA3DA25-C57D-46B1-97C0-6AC6D1F2A51E}.Release|x64.Build.0 = Release|x64
		{0BA3DA25-C57D-46B1-97C0-6AC6D1F2A51E}.Release|x86.ActiveCfg = Release|Win32
		{0BA3DA25-C57D-46B1-97C0-6AC6D1F2A51E}.Release|x86.Build.0 = Release|Win32
	EndGlobalSection
	GlobalSection(SolutionProperties) = preSolution
		HideSolutionNode = FALSE
	EndGlobalSection
	GlobalSection(ExtensibilityGlobals) = postSolution
		SolutionGuid = {F5FB9317-A233-4B06-AFCB-0A8B0145E1BC}
	EndGlobalSection
EndGlobal
